lockfileVersion: '9.0'

settings:
  autoInstallPeers: true
  excludeLinksFromLockfile: false

importers:

  .: {}

  apps/controller: {}

  apps/desktop: {}

  apps/web-ui: {}

  packages/agent-core: {}

  packages/database: {}

  packages/providers: {}

  packages/shared: {}

  packages/tools: {}

  packages/ui: {}
